
Microsoft Visual Studio Solution File, Format Version 12.00
# Visual Studio Version 17
VisualStudioVersion = 17.4.33103.184
MinimumVisualStudioVersion = 10.0.40219.1
Project("{2150E333-8FDC-42A3-9474-1A3956D46DE8}") = "Api", "Api", "{C01F256A-F8AE-4A8E-8596-022E6F7B8A74}"
EndProject
Project("{2150E333-8FDC-42A3-9474-1A3956D46DE8}") = "Presentation", "Presentation", "{D93B77EC-3560-4EF0-8032-CB694AA0B467}"
EndProject
Project("{9A19103F-16F7-4668-BE54-9A1E7A4F7556}") = "Api.Presentation.WebApi", "src\Api.Presentation.WebApi\Api.Presentation.WebApi.csproj", "{ADB87135-45AD-4915-ADBE-BE469F5C92F3}"
EndProject
Project("{2150E333-8FDC-42A3-9474-1A3956D46DE8}") = "Core", "Core", "{35E89620-BEA0-4AA1-9357-D7476FCF526E}"
EndProject
Project("{9A19103F-16F7-4668-BE54-9A1E7A4F7556}") = "Api.Core.Application", "src\Api.Core.Application\Api.Core.Application.csproj", "{196BD2D6-B330-46B7-A683-B24C571F420A}"
EndProject
Project("{2150E333-8FDC-42A3-9474-1A3956D46DE8}") = "Infrastructure", "Infrastructure", "{B5061E6D-20C0-420B-AFCD-591B39600D35}"
EndProject
Project("{9A19103F-16F7-4668-BE54-9A1E7A4F7556}") = "Api.Infrastructure", "src\Api.Infrastructure\Api.Infrastructure.csproj", "{5E6FD015-A8B3-457D-ADA6-E82981B50CD3}"
EndProject
Project("{2150E333-8FDC-42A3-9474-1A3956D46DE8}") = "Sync", "Sync", "{ABA8D78D-CB7C-428A-9C78-FF2215402063}"
EndProject
Project("{2150E333-8FDC-42A3-9474-1A3956D46DE8}") = "Presentation", "Presentation", "{B663FE17-FFEC-42C0-A35A-EAA470BBF145}"
EndProject
Project("{9A19103F-16F7-4668-BE54-9A1E7A4F7556}") = "Api.Sync.Presentation.WorkerService", "src\Api.Sync.Presentation.WorkerService\Api.Sync.Presentation.WorkerService.csproj", "{101E048C-59E3-4F43-9E5C-7C141C2923C1}"
EndProject
Project("{2150E333-8FDC-42A3-9474-1A3956D46DE8}") = "Core", "Core", "{D9CDB1E0-5D31-40E7-B303-D042080D6931}"
EndProject
Project("{9A19103F-16F7-4668-BE54-9A1E7A4F7556}") = "Api.Sync.Core.Application", "src\Api.Sync.Core.Application\Api.Sync.Core.Application.csproj", "{17BC312E-43EB-413A-B066-8BAC4DE3797D}"
EndProject
Project("{2150E333-8FDC-42A3-9474-1A3956D46DE8}") = "Infrastructure", "Infrastructure", "{DC9FA620-58BB-4291-8B3A-047BA2A5729A}"
EndProject
Project("{9A19103F-16F7-4668-BE54-9A1E7A4F7556}") = "Api.Sync.Infrastructure", "src\Api.Sync.Infrastructure\Api.Sync.Infrastructure.csproj", "{F14E89C0-B772-450E-8A0D-882B5B5E4BDB}"
EndProject
Project("{9A19103F-16F7-4668-BE54-9A1E7A4F7556}") = "Api.Core.Domain", "src\Api.Core.Domain\Api.Core.Domain.csproj", "{58DB407B-3717-4702-9249-4D75F924C7D7}"
EndProject
Project("{2150E333-8FDC-42A3-9474-1A3956D46DE8}") = "Samples", "Samples", "{FCB27D8C-A57A-44F1-B775-21E500AC0812}"
EndProject
Project("{FAE04EC0-301F-11D3-BF4B-00C04F79EFBC}") = "Api.Sdk.ConsoleApp", "samples\Api.Sdk.ConsoleApp\Api.Sdk.ConsoleApp.csproj", "{AAFDA624-991A-4F09-97F0-4511F4A91372}"
EndProject
Global
	GlobalSection(SolutionConfigurationPlatforms) = preSolution
		Debug|Any CPU = Debug|Any CPU
		Release|Any CPU = Release|Any CPU
	EndGlobalSection
	GlobalSection(ProjectConfigurationPlatforms) = postSolution
		{ADB87135-45AD-4915-ADBE-BE469F5C92F3}.Debug|Any CPU.ActiveCfg = Debug|Any CPU
		{ADB87135-45AD-4915-ADBE-BE469F5C92F3}.Debug|Any CPU.Build.0 = Debug|Any CPU
		{ADB87135-45AD-4915-ADBE-BE469F5C92F3}.Release|Any CPU.ActiveCfg = Release|Any CPU
		{ADB87135-45AD-4915-ADBE-BE469F5C92F3}.Release|Any CPU.Build.0 = Release|Any CPU
		{196BD2D6-B330-46B7-A683-B24C571F420A}.Debug|Any CPU.ActiveCfg = Debug|Any CPU
		{196BD2D6-B330-46B7-A683-B24C571F420A}.Debug|Any CPU.Build.0 = Debug|Any CPU
		{196BD2D6-B330-46B7-A683-B24C571F420A}.Release|Any CPU.ActiveCfg = Release|Any CPU
		{196BD2D6-B330-46B7-A683-B24C571F420A}.Release|Any CPU.Build.0 = Release|Any CPU
		{5E6FD015-A8B3-457D-ADA6-E82981B50CD3}.Debug|Any CPU.ActiveCfg = Debug|Any CPU
		{5E6FD015-A8B3-457D-ADA6-E82981B50CD3}.Debug|Any CPU.Build.0 = Debug|Any CPU
		{5E6FD015-A8B3-457D-ADA6-E82981B50CD3}.Release|Any CPU.ActiveCfg = Release|Any CPU
		{5E6FD015-A8B3-457D-ADA6-E82981B50CD3}.Release|Any CPU.Build.0 = Release|Any CPU
		{101E048C-59E3-4F43-9E5C-7C141C2923C1}.Debug|Any CPU.ActiveCfg = Debug|Any CPU
		{101E048C-59E3-4F43-9E5C-7C141C2923C1}.Debug|Any CPU.Build.0 = Debug|Any CPU
		{101E048C-59E3-4F43-9E5C-7C141C2923C1}.Release|Any CPU.ActiveCfg = Release|Any CPU
		{101E048C-59E3-4F43-9E5C-7C141C2923C1}.Release|Any CPU.Build.0 = Release|Any CPU
		{17BC312E-43EB-413A-B066-8BAC4DE3797D}.Debug|Any CPU.ActiveCfg = Debug|Any CPU
		{17BC312E-43EB-413A-B066-8BAC4DE3797D}.Debug|Any CPU.Build.0 = Debug|Any CPU
		{17BC312E-43EB-413A-B066-8BAC4DE3797D}.Release|Any CPU.ActiveCfg = Release|Any CPU
		{17BC312E-43EB-413A-B066-8BAC4DE3797D}.Release|Any CPU.Build.0 = Release|Any CPU
		{F14E89C0-B772-450E-8A0D-882B5B5E4BDB}.Debug|Any CPU.ActiveCfg = Debug|Any CPU
		{F14E89C0-B772-450E-8A0D-882B5B5E4BDB}.Debug|Any CPU.Build.0 = Debug|Any CPU
		{F14E89C0-B772-450E-8A0D-882B5B5E4BDB}.Release|Any CPU.ActiveCfg = Release|Any CPU
		{F14E89C0-B772-450E-8A0D-882B5B5E4BDB}.Release|Any CPU.Build.0 = Release|Any CPU
		{58DB407B-3717-4702-9249-4D75F924C7D7}.Debug|Any CPU.ActiveCfg = Debug|Any CPU
		{58DB407B-3717-4702-9249-4D75F924C7D7}.Debug|Any CPU.Build.0 = Debug|Any CPU
		{58DB407B-3717-4702-9249-4D75F924C7D7}.Release|Any CPU.ActiveCfg = Release|Any CPU
		{58DB407B-3717-4702-9249-4D75F924C7D7}.Release|Any CPU.Build.0 = Release|Any CPU
		{AAFDA624-991A-4F09-97F0-4511F4A91372}.Debug|Any CPU.ActiveCfg = Debug|Any CPU
		{AAFDA624-991A-4F09-97F0-4511F4A91372}.Debug|Any CPU.Build.0 = Debug|Any CPU
		{AAFDA624-991A-4F09-97F0-4511F4A91372}.Release|Any CPU.ActiveCfg = Release|Any CPU
		{AAFDA624-991A-4F09-97F0-4511F4A91372}.Release|Any CPU.Build.0 = Release|Any CPU
	EndGlobalSection
	GlobalSection(SolutionProperties) = preSolution
		HideSolutionNode = FALSE
	EndGlobalSection
	GlobalSection(NestedProjects) = preSolution
		{D93B77EC-3560-4EF0-8032-CB694AA0B467} = {C01F256A-F8AE-4A8E-8596-022E6F7B8A74}
		{ADB87135-45AD-4915-ADBE-BE469F5C92F3} = {D93B77EC-3560-4EF0-8032-CB694AA0B467}
		{35E89620-BEA0-4AA1-9357-D7476FCF526E} = {C01F256A-F8AE-4A8E-8596-022E6F7B8A74}
		{196BD2D6-B330-46B7-A683-B24C571F420A} = {35E89620-BEA0-4AA1-9357-D7476FCF526E}
		{B5061E6D-20C0-420B-AFCD-591B39600D35} = {C01F256A-F8AE-4A8E-8596-022E6F7B8A74}
		{5E6FD015-A8B3-457D-ADA6-E82981B50CD3} = {B5061E6D-20C0-420B-AFCD-591B39600D35}
		{B663FE17-FFEC-42C0-A35A-EAA470BBF145} = {ABA8D78D-CB7C-428A-9C78-FF2215402063}
		{101E048C-59E3-4F43-9E5C-7C141C2923C1} = {B663FE17-FFEC-42C0-A35A-EAA470BBF145}
		{D9CDB1E0-5D31-40E7-B303-D042080D6931} = {ABA8D78D-CB7C-428A-9C78-FF2215402063}
		{17BC312E-43EB-413A-B066-8BAC4DE3797D} = {D9CDB1E0-5D31-40E7-B303-D042080D6931}
		{DC9FA620-58BB-4291-8B3A-047BA2A5729A} = {ABA8D78D-CB7C-428A-9C78-FF2215402063}
		{F14E89C0-B772-450E-8A0D-882B5B5E4BDB} = {DC9FA620-58BB-4291-8B3A-047BA2A5729A}
		{58DB407B-3717-4702-9249-4D75F924C7D7} = {35E89620-BEA0-4AA1-9357-D7476FCF526E}
		{AAFDA624-991A-4F09-97F0-4511F4A91372} = {FCB27D8C-A57A-44F1-B775-21E500AC0812}
	EndGlobalSection
	GlobalSection(ExtensibilityGlobals) = postSolution
		SolutionGuid = {C789C101-B0D5-47C0-BF06-1872379D93DF}
	EndGlobalSection
EndGlobal
